
Microsoft Visual Studio Solution File, Format Version 12.00
# Visual Studio Version 17
VisualStudioVersion = 17.7.34221.43
MinimumVisualStudioVersion = 10.0.40219.1
Project("{9A19103F-16F7-4668-BE54-9A1E7A4F7556}") = "ConvertJsonToWord", "ConvertJsonToWord.csproj", "{40CBE92B-EAEA-4249-AF11-E4FD7CAD99ED}"
EndProject
Global
	GlobalSection(SolutionConfigurationPlatforms) = preSolution
		Debug|Any CPU = Debug|Any CPU
		Release|Any CPU = Release|Any CPU
	EndGlobalSection
	GlobalSection(ProjectConfigurationPlatforms) = postSolution
		{40CBE92B-EAEA-4249-AF11-E4FD7CAD99ED}.Debug|Any CPU.ActiveCfg = Debug|Any CPU
		{40CBE92B-EAEA-4249-AF11-E4FD7CAD99ED}.Debug|Any CPU.Build.0 = Debug|Any CPU
		{40CBE92B-EAEA-4249-AF11-E4FD7CAD99ED}.Release|Any CPU.ActiveCfg = Release|Any CPU
		{40CBE92B-EAEA-4249-AF11-E4FD7CAD99ED}.Release|Any CPU.Build.0 = Release|Any CPU
	EndGlobalSection
	GlobalSection(SolutionProperties) = preSolution
		HideSolutionNode = FALSE
	EndGlobalSection
	GlobalSection(ExtensibilityGlobals) = postSolution
		SolutionGuid = {A70A4AAA-A2D9-4DF4-B511-CE28692AB097}
	EndGlobalSection
EndGlobal
